// !$*UTF8*$!
{
	archiveVersion = 1;
	classes = {
	};
	objectVersion = 46;
	objects = {

/* Begin PBXBuildFile section */
		B4DDAF7B1D532D02007AC765 /* main.m in Sources */ = {isa = PBXBuildFile; fileRef = B4DDAF7A1D532D02007AC765 /* main.m */; };
		B4DDAF7E1D532D02007AC765 /* AppDelegate.m in Sources */ = {isa = PBXBuildFile; fileRef = B4DDAF7D1D532D02007AC765 /* AppDelegate.m */; };
		B4DDAF811D532D02007AC765 /* ViewController.m in Sources */ = {isa = PBXBuildFile; fileRef = B4DDAF801D532D02007AC765 /* ViewController.m */; };
		B4DDAF841D532D02007AC765 /* Main.storyboard in Resources */ = {isa = PBXBuildFile; fileRef = B4DDAF821D532D02007AC765 /* Main.storyboard */; };
		B4DDAF861D532D03007AC765 /* Assets.xcassets in Resources */ = {isa = PBXBuildFile; fileRef = B4DDAF851D532D03007AC765 /* Assets.xcassets */; };
		B4DDAF891D532D03007AC765 /* LaunchScreen.storyboard in Resources */ = {isa = PBXBuildFile; fileRef = B4DDAF871D532D03007AC765 /* LaunchScreen.storyboard */; };
		B4DDAF941D532D03007AC765 /* FlowLayoutTests.m in Sources */ = {isa = PBXBuildFile; fileRef = B4DDAF931D532D03007AC765 /* FlowLayoutTests.m */; };
		B4DDAF9F1D532D03007AC765 /* FlowLayoutUITests.m in Sources */ = {isa = PBXBuildFile; fileRef = B4DDAF9E1D532D03007AC765 /* FlowLayoutUITests.m */; };
		B4DDAFAF1D532E38007AC765 /* CollectionViewCell.m in Sources */ = {isa = PBXBuildFile; fileRef = B4DDAFAD1D532E38007AC765 /* CollectionViewCell.m */; };
		B4DDAFB01D532E38007AC765 /* CollectionViewCell.xib in Resources */ = {isa = PBXBuildFile; fileRef = B4DDAFAE1D532E38007AC765 /* CollectionViewCell.xib */; };
		B4DDAFB31D533295007AC765 /* CollectionViewFlowLayout.m in Sources */ = {isa = PBXBuildFile; fileRef = B4DDAFB21D533295007AC765 /* CollectionViewFlowLayout.m */; };
/* End PBXBuildFile section */

/* Begin PBXContainerItemProxy section */
		B4DDAF901D532D03007AC765 /* PBXContainerItemProxy */ = {
			isa = PBXContainerItemProxy;
			containerPortal = B4DDAF6E1D532D02007AC765 /* Project object */;
			proxyType = 1;
			remoteGlobalIDString = B4DDAF751D532D02007AC765;
			remoteInfo = FlowLayout;
		};
		B4DDAF9B1D532D03007AC765 /* PBXContainerItemProxy */ = {
			isa = PBXContainerItemProxy;
			containerPortal = B4DDAF6E1D532D02007AC765 /* Project object */;
			proxyType = 1;
			remoteGlobalIDString = B4DDAF751D532D02007AC765;
			remoteInfo = FlowLayout;
		};
/* End PBXContainerItemProxy section */

/* Begin PBXFileReference section */
		B4DDAF761D532D02007AC765 /* SwitchFlowLayout.app */ = {isa = PBXFileReference; explicitFileType = wrapper.application; includeInIndex = 0; path = SwitchFlowLayout.app; sourceTree = BUILT_PRODUCTS_DIR; };
		B4DDAF7A1D532D02007AC765 /* main.m */ = {isa = PBXFileReference; lastKnownFileType = sourcecode.c.objc; path = main.m; sourceTree = "<group>"; };
		B4DDAF7C1D532D02007AC765 /* AppDelegate.h */ = {isa = PBXFileReference; lastKnownFileType = sourcecode.c.h; path = AppDelegate.h; sourceTree = "<group>"; };
		B4DDAF7D1D532D02007AC765 /* AppDelegate.m */ = {isa = PBXFileReference; lastKnownFileType = sourcecode.c.objc; path = AppDelegate.m; sourceTree = "<group>"; };
		B4DDAF7F1D532D02007AC765 /* ViewController.h */ = {isa = PBXFileReference; lastKnownFileType = sourcecode.c.h; path = ViewController.h; sourceTree = "<group>"; };
		B4DDAF801D532D02007AC765 /* ViewController.m */ = {isa = PBXFileReference; lastKnownFileType = sourcecode.c.objc; path = ViewController.m; sourceTree = "<group>"; };
		B4DDAF831D532D02007AC765 /* Base */ = {isa = PBXFileReference; lastKnownFileType = file.storyboard; name = Base; path = Base.lproj/Main.storyboard; sourceTree = "<group>"; };
		B4DDAF851D532D03007AC765 /* Assets.xcassets */ = {isa = PBXFileReference; lastKnownFileType = folder.assetcatalog; path = Assets.xcassets; sourceTree = "<group>"; };
		B4DDAF881D532D03007AC765 /* Base */ = {isa = PBXFileReference; lastKnownFileType = file.storyboard; name = Base; path = Base.lproj/LaunchScreen.storyboard; sourceTree = "<group>"; };
		B4DDAF8A1D532D03007AC765 /* Info.plist */ = {isa = PBXFileReference; lastKnownFileType = text.plist.xml; path = Info.plist; sourceTree = "<group>"; };
		B4DDAF8F1D532D03007AC765 /* SwitchFlowLayout.xctest */ = {isa = PBXFileReference; explicitFileType = wrapper.cfbundle; includeInIndex = 0; path = SwitchFlowLayout.xctest; sourceTree = BUILT_PRODUCTS_DIR; };
		B4DDAF931D532D03007AC765 /* FlowLayoutTests.m */ = {isa = PBXFileReference; lastKnownFileType = sourcecode.c.objc; path = FlowLayoutTests.m; sourceTree = "<group>"; };
		B4DDAF951D532D03007AC765 /* Info.plist */ = {isa = PBXFileReference; lastKnownFileType = text.plist.xml; path = Info.plist; sourceTree = "<group>"; };
		B4DDAF9A1D532D03007AC765 /* SwitchFlowLayout.xctest */ = {isa = PBXFileReference; explicitFileType = wrapper.cfbundle; includeInIndex = 0; path = SwitchFlowLayout.xctest; sourceTree = BUILT_PRODUCTS_DIR; };
		B4DDAF9E1D532D03007AC765 /* FlowLayoutUITests.m */ = {isa = PBXFileReference; lastKnownFileType = sourcecode.c.objc; path = FlowLayoutUITests.m; sourceTree = "<group>"; };
		B4DDAFA01D532D03007AC765 /* Info.plist */ = {isa = PBXFileReference; lastKnownFileType = text.plist.xml; path = Info.plist; sourceTree = "<group>"; };
		B4DDAFAC1D532E38007AC765 /* CollectionViewCell.h */ = {isa = PBXFileReference; fileEncoding = 4; lastKnownFileType = sourcecode.c.h; path = CollectionViewCell.h; sourceTree = "<group>"; };
		B4DDAFAD1D532E38007AC765 /* CollectionViewCell.m */ = {isa = PBXFileReference; fileEncoding = 4; lastKnownFileType = sourcecode.c.objc; path = CollectionViewCell.m; sourceTree = "<group>"; };
		B4DDAFAE1D532E38007AC765 /* CollectionViewCell.xib */ = {isa = PBXFileReference; fileEncoding = 4; lastKnownFileType = file.xib; path = CollectionViewCell.xib; sourceTree = "<group>"; };
		B4DDAFB11D533295007AC765 /* CollectionViewFlowLayout.h */ = {isa = PBXFileReference; fileEncoding = 4; lastKnownFileType = sourcecode.c.h; path = CollectionViewFlowLayout.h; sourceTree = "<group>"; };
		B4DDAFB21D533295007AC765 /* CollectionViewFlowLayout.m */ = {isa = PBXFileReference; fileEncoding = 4; lastKnownFileType = sourcecode.c.objc; path = CollectionViewFlowLayout.m; sourceTree = "<group>"; };
/* End PBXFileReference section */

/* Begin PBXFrameworksBuildPhase section */
		B4DDAF731D532D02007AC765 /* Frameworks */ = {
			isa = PBXFrameworksBuildPhase;
			buildActionMask = 2147483647;
			files = (
			);
			runOnlyForDeploymentPostprocessing = 0;
		};
		B4DDAF8C1D532D03007AC765 /* Frameworks */ = {
			isa = PBXFrameworksBuildPhase;
			buildActionMask = 2147483647;
			files = (
			);
			runOnlyForDeploymentPostprocessing = 0;
		};
		B4DDAF971D532D03007AC765 /* Frameworks */ = {
			isa = PBXFrameworksBuildPhase;
			buildActionMask = 2147483647;
			files = (
			);
			runOnlyForDeploymentPostprocessing = 0;
		};
/* End PBXFrameworksBuildPhase section */

/* Begin PBXGroup section */
		B4DDAF6D1D532D02007AC765 = {
			isa = PBXGroup;
			children = (
				B4DDAF781D532D02007AC765 /* FlowLayout */,
				B4DDAF921D532D03007AC765 /* FlowLayoutTests */,
				B4DDAF9D1D532D03007AC765 /* FlowLayoutUITests */,
				B4DDAF771D532D02007AC765 /* Products */,
			);
			sourceTree = "<group>";
		};
		B4DDAF771D532D02007AC765 /* Products */ = {
			isa = PBXGroup;
			children = (
				B4DDAF761D532D02007AC765 /* SwitchFlowLayout.app */,
				B4DDAF8F1D532D03007AC765 /* SwitchFlowLayout.xctest */,
				B4DDAF9A1D532D03007AC765 /* SwitchFlowLayout.xctest */,
			);
			name = Products;
			sourceTree = "<group>";
		};
		B4DDAF781D532D02007AC765 /* FlowLayout */ = {
			isa = PBXGroup;
			children = (
				B4DDAF7C1D532D02007AC765 /* AppDelegate.h */,
				B4DDAF7D1D532D02007AC765 /* AppDelegate.m */,
				B4DDAF7F1D532D02007AC765 /* ViewController.h */,
				B4DDAF801D532D02007AC765 /* ViewController.m */,
				B4DDAFAC1D532E38007AC765 /* CollectionViewCell.h */,
				B4DDAFAD1D532E38007AC765 /* CollectionViewCell.m */,
				B4DDAFAE1D532E38007AC765 /* CollectionViewCell.xib */,
				B4DDAFB11D533295007AC765 /* CollectionViewFlowLayout.h */,
				B4DDAFB21D533295007AC765 /* CollectionViewFlowLayout.m */,
				B4DDAF821D532D02007AC765 /* Main.storyboard */,
				B4DDAF851D532D03007AC765 /* Assets.xcassets */,
				B4DDAF871D532D03007AC765 /* LaunchScreen.storyboard */,
				B4DDAF8A1D532D03007AC765 /* Info.plist */,
				B4DDAF791D532D02007AC765 /* Supporting Files */,
			);
			path = FlowLayout;
			sourceTree = "<group>";
		};
		B4DDAF791D532D02007AC765 /* Supporting Files */ = {
			isa = PBXGroup;
			children = (
				B4DDAF7A1D532D02007AC765 /* main.m */,
			);
			name = "Supporting Files";
			sourceTree = "<group>";
		};
		B4DDAF921D532D03007AC765 /* FlowLayoutTests */ = {
			isa = PBXGroup;
			children = (
				B4DDAF931D532D03007AC765 /* FlowLayoutTests.m */,
				B4DDAF951D532D03007AC765 /* Info.plist */,
			);
			path = FlowLayoutTests;
			sourceTree = "<group>";
		};
		B4DDAF9D1D532D03007AC765 /* FlowLayoutUITests */ = {
			isa = PBXGroup;
			children = (
				B4DDAF9E1D532D03007AC765 /* FlowLayoutUITests.m */,
				B4DDAFA01D532D03007AC765 /* Info.plist */,
			);
			path = FlowLayoutUITests;
			sourceTree = "<group>";
		};
/* End PBXGroup section */

/* Begin PBXNativeTarget section */
		B4DDAF751D532D02007AC765 /* SwitchFlowLayout */ = {
			isa = PBXNativeTarget;
			buildConfigurationList = B4DDAFA31D532D03007AC765 /* Build configuration list for PBXNativeTarget "SwitchFlowLayout" */;
			buildPhases = (
				B4DDAF721D532D02007AC765 /* Sources */,
				B4DDAF731D532D02007AC765 /* Frameworks */,
				B4DDAF741D532D02007AC765 /* Resources */,
			);
			buildRules = (
			);
			dependencies = (
			);
			name = SwitchFlowLayout;
			productName = FlowLayout;
			productReference = B4DDAF761D532D02007AC765 /* SwitchFlowLayout.app */;
			productType = "com.apple.product-type.application";
		};
		B4DDAF8E1D532D03007AC765 /* SwitchFlowLayoutTests */ = {
			isa = PBXNativeTarget;
			buildConfigurationList = B4DDAFA61D532D03007AC765 /* Build configuration list for PBXNativeTarget "SwitchFlowLayoutTests" */;
			buildPhases = (
				B4DDAF8B1D532D03007AC765 /* Sources */,
				B4DDAF8C1D532D03007AC765 /* Frameworks */,
				B4DDAF8D1D532D03007AC765 /* Resources */,
			);
			buildRules = (
			);
			dependencies = (
				B4DDAF911D532D03007AC765 /* PBXTargetDependency */,
			);
			name = SwitchFlowLayoutTests;
			productName = FlowLayoutTests;
			productReference = B4DDAF8F1D532D03007AC765 /* SwitchFlowLayout.xctest */;
			productType = "com.apple.product-type.bundle.unit-test";
		};
		B4DDAF991D532D03007AC765 /* SwitchFlowLayoutUITests */ = {
			isa = PBXNativeTarget;
			buildConfigurationList = B4DDAFA91D532D03007AC765 /* Build configuration list for PBXNativeTarget "SwitchFlowLayoutUITests" */;
			buildPhases = (
				B4DDAF961D532D03007AC765 /* Sources */,
				B4DDAF971D532D03007AC765 /* Frameworks */,
				B4DDAF981D532D03007AC765 /* Resources */,
			);
			buildRules = (
			);
			dependencies = (
				B4DDAF9C1D532D03007AC765 /* PBXTargetDependency */,
			);
			name = SwitchFlowLayoutUITests;
			productName = FlowLayoutUITests;
			productReference = B4DDAF9A1D532D03007AC765 /* SwitchFlowLayout.xctest */;
			productType = "com.apple.product-type.bundle.ui-testing";
		};
/* End PBXNativeTarget section */

/* Begin PBXProject section */
		B4DDAF6E1D532D02007AC765 /* Project object */ = {
			isa = PBXProject;
			attributes = {
				LastUpgradeCheck = 0730;
				ORGANIZATIONNAME = Young;
				TargetAttributes = {
					B4DDAF751D532D02007AC765 = {
						CreatedOnToolsVersion = 7.3.1;
						DevelopmentTeam = 2B6TLMK62S;
					};
					B4DDAF8E1D532D03007AC765 = {
						CreatedOnToolsVersion = 7.3.1;
						DevelopmentTeam = 2B6TLMK62S;
						TestTargetID = B4DDAF751D532D02007AC765;
					};
					B4DDAF991D532D03007AC765 = {
						CreatedOnToolsVersion = 7.3.1;
						DevelopmentTeam = 2B6TLMK62S;
						TestTargetID = B4DDAF751D532D02007AC765;
					};
				};
			};
			buildConfigurationList = B4DDAF711D532D02007AC765 /* Build configuration list for PBXProject "SwitchFlowLayout" */;
			compatibilityVersion = "Xcode 3.2";
			developmentRegion = English;
			hasScannedForEncodings = 0;
			knownRegions = (
				en,
				Base,
			);
			mainGroup = B4DDAF6D1D532D02007AC765;
			productRefGroup = B4DDAF771D532D02007AC765 /* Products */;
			projectDirPath = "";
			projectRoot = "";
			targets = (
				B4DDAF751D532D02007AC765 /* SwitchFlowLayout */,
				B4DDAF8E1D532D03007AC765 /* SwitchFlowLayoutTests */,
				B4DDAF991D532D03007AC765 /* SwitchFlowLayoutUITests */,
			);
		};
/* End PBXProject section */

/* Begin PBXResourcesBuildPhase section */
		B4DDAF741D532D02007AC765 /* Resources */ = {
			isa = PBXResourcesBuildPhase;
			buildActionMask = 2147483647;
			files = (
				B4DDAF891D532D03007AC765 /* LaunchScreen.storyboard in Resources */,
				B4DDAF861D532D03007AC765 /* Assets.xcassets in Resources */,
				B4DDAFB01D532E38007AC765 /* CollectionViewCell.xib in Resources */,
				B4DDAF841D532D02007AC765 /* Main.storyboard in Resources */,
			);
			runOnlyForDeploymentPostprocessing = 0;
		};
		B4DDAF8D1D532D03007AC765 /* Resources */ = {
			isa = PBXResourcesBuildPhase;
			buildActionMask = 2147483647;
			files = (
			);
			runOnlyForDeploymentPostprocessing = 0;
		};
		B4DDAF981D532D03007AC765 /* Resources */ = {
			isa = PBXResourcesBuildPhase;
			buildActionMask = 2147483647;
			files = (
			);
			runOnlyForDeploymentPostprocessing = 0;
		};
/* End PBXResourcesBuildPhase section */

/* Begin PBXSourcesBuildPhase section */
		B4DDAF721D532D02007AC765 /* Sources */ = {
			isa = PBXSourcesBuildPhase;
			buildActionMask = 2147483647;
			files = (
				B4DDAF811D532D02007AC765 /* ViewController.m in Sources */,
				B4DDAF7E1D532D02007AC765 /* AppDelegate.m in Sources */,
				B4DDAFB31D533295007AC765 /* CollectionViewFlowLayout.m in Sources */,
				B4DDAFAF1D532E38007AC765 /* CollectionViewCell.m in Sources */,
				B4DDAF7B1D532D02007AC765 /* main.m in Sources */,
			);
			runOnlyForDeploymentPostprocessing = 0;
		};
		B4DDAF8B1D532D03007AC765 /* Sources */ = {
			isa = PBXSourcesBuildPhase;
			buildActionMask = 2147483647;
			files = (
				B4DDAF941D532D03007AC765 /* FlowLayoutTests.m in Sources */,
			);
			runOnlyForDeploymentPostprocessing = 0;
		};
		B4DDAF961D532D03007AC765 /* Sources */ = {
			isa = PBXSourcesBuildPhase;
			buildActionMask = 2147483647;
			files = (
				B4DDAF9F1D532D03007AC765 /* FlowLayoutUITests.m in Sources */,
			);
			runOnlyForDeploymentPostprocessing = 0;
		};
/* End PBXSourcesBuildPhase section */

/* Begin PBXTargetDependency section */
		B4DDAF911D532D03007AC765 /* PBXTargetDependency */ = {
			isa = PBXTargetDependency;
			target = B4DDAF751D532D02007AC765 /* SwitchFlowLayout */;
			targetProxy = B4DDAF901D532D03007AC765 /* PBXContainerItemProxy */;
		};
		B4DDAF9C1D532D03007AC765 /* PBXTargetDependency */ = {
			isa = PBXTargetDependency;
			target = B4DDAF751D532D02007AC765 /* SwitchFlowLayout */;
			targetProxy = B4DDAF9B1D532D03007AC765 /* PBXContainerItemProxy */;
		};
/* End PBXTargetDependency section */

/* Begin PBXVariantGroup section */
		B4DDAF821D532D02007AC765 /* Main.storyboard */ = {
			isa = PBXVariantGroup;
			children = (
				B4DDAF831D532D02007AC765 /* Base */,
			);
			name = Main.storyboard;
			sourceTree = "<group>";
		};
		B4DDAF871D532D03007AC765 /* LaunchScreen.storyboard */ = {
			isa = PBXVariantGroup;
			children = (
				B4DDAF881D532D03007AC765 /* Base */,
			);
			name = LaunchScreen.storyboard;
			sourceTree = "<group>";
		};
/* End PBXVariantGroup section */

/* Begin XCBuildConfiguration section */
		B4DDAFA11D532D03007AC765 /* Debug */ = {
			isa = XCBuildConfiguration;
			buildSettings = {
				ALWAYS_SEARCH_USER_PATHS = NO;
				CLANG_ANALYZER_NONNULL = YES;
				CLANG_CXX_LANGUAGE_STANDARD = "gnu++0x";
				CLANG_CXX_LIBRARY = "libc++";
				CLANG_ENABLE_MODULES = YES;
				CLANG_ENABLE_OBJC_ARC = YES;
				CLANG_WARN_BOOL_CONVERSION = YES;
				CLANG_WARN_CONSTANT_CONVERSION = YES;
				CLANG_WARN_DIRECT_OBJC_ISA_USAGE = YES_ERROR;
				CLANG_WARN_EMPTY_BODY = YES;
				CLANG_WARN_ENUM_CONVERSION = YES;
				CLANG_WARN_INT_CONVERSION = YES;
				CLANG_WARN_OBJC_ROOT_CLASS = YES_ERROR;
				CLANG_WARN_UNREACHABLE_CODE = YES;
				CLANG_WARN__DUPLICATE_METHOD_MATCH = YES;
				"CODE_SIGN_IDENTITY[sdk=iphoneos*]" = "iPhone Developer";
				COPY_PHASE_STRIP = NO;
				DEBUG_INFORMATION_FORMAT = dwarf;
				ENABLE_STRICT_OBJC_MSGSEND = YES;
				ENABLE_TESTABILITY = YES;
				GCC_C_LANGUAGE_STANDARD = gnu99;
				GCC_DYNAMIC_NO_PIC = NO;
				GCC_NO_COMMON_BLOCKS = YES;
				GCC_OPTIMIZATION_LEVEL = 0;
				GCC_PREPROCESSOR_DEFINITIONS = (
					"DEBUG=1",
					"$(inherited)",
				);
				GCC_WARN_64_TO_32_BIT_CONVERSION = YES;
				GCC_WARN_ABOUT_RETURN_TYPE = YES_ERROR;
				GCC_WARN_UNDECLARED_SELECTOR = YES;
				GCC_WARN_UNINITIALIZED_AUTOS = YES_AGGRESSIVE;
				GCC_WARN_UNUSED_FUNCTION = YES;
				GCC_WARN_UNUSED_VARIABLE = YES;
				IPHONEOS_DEPLOYMENT_TARGET = 9.3;
				MTL_ENABLE_DEBUG_INFO = YES;
				ONLY_ACTIVE_ARCH = YES;
				SDKROOT = iphoneos;
				TARGETED_DEVICE_FAMILY = "1,2";
			};
			name = Debug;
		};
		B4DDAFA21D532D03007AC765 /* Release */ = {
			isa = XCBuildConfiguration;
			buildSettings = {
				ALWAYS_SEARCH_USER_PATHS = NO;
				CLANG_ANALYZER_NONNULL = YES;
				CLANG_CXX_LANGUAGE_STANDARD = "gnu++0x";
				CLANG_CXX_LIBRARY = "libc++";
				CLANG_ENABLE_MODULES = YES;
				CLANG_ENABLE_OBJC_ARC = YES;
				CLANG_WARN_BOOL_CONVERSION = YES;
				CLANG_WARN_CONSTANT_CONVERSION = YES;
				CLANG_WARN_DIRECT_OBJC_ISA_USAGE = YES_ERROR;
				CLANG_WARN_EMPTY_BODY = YES;
				CLANG_WARN_ENUM_CONVERSION = YES;
				CLANG_WARN_INT_CONVERSION = YES;
				CLANG_WARN_OBJC_ROOT_CLASS = YES_ERROR;
				CLANG_WARN_UNREACHABLE_CODE = YES;
				CLANG_WARN__DUPLICATE_METHOD_MATCH = YES;
				"CODE_SIGN_IDENTITY[sdk=iphoneos*]" = "iPhone Developer";
				COPY_PHASE_STRIP = NO;
				DEBUG_INFORMATION_FORMAT = "dwarf-with-dsym";
				ENABLE_NS_ASSERTIONS = NO;
				ENABLE_STRICT_OBJC_MSGSEND = YES;
				GCC_C_LANGUAGE_STANDARD = gnu99;
				GCC_NO_COMMON_BLOCKS = YES;
				GCC_WARN_64_TO_32_BIT_CONVERSION = YES;
				GCC_WARN_ABOUT_RETURN_TYPE = YES_ERROR;
				GCC_WARN_UNDECLARED_SELECTOR = YES;
				GCC_WARN_UNINITIALIZED_AUTOS = YES_AGGRESSIVE;
				GCC_WARN_UNUSED_FUNCTION = YES;
				GCC_WARN_UNUSED_VARIABLE = YES;
				IPHONEOS_DEPLOYMENT_TARGET = 9.3;
				MTL_ENABLE_DEBUG_INFO = NO;
				SDKROOT = iphoneos;
				TARGETED_DEVICE_FAMILY = "1,2";
				VALIDATE_PRODUCT = YES;
			};
			name = Release;
		};
		B4DDAFA41D532D03007AC765 /* Debug */ = {
			isa = XCBuildConfiguration;
			buildSettings = {
				ASSETCATALOG_COMPILER_APPICON_NAME = AppIcon;
				CODE_SIGN_IDENTITY = "iPhone Developer";
				INFOPLIST_FILE = FlowLayout/Info.plist;
				LD_RUNPATH_SEARCH_PATHS = "$(inherited) @executable_path/Frameworks";
				PRODUCT_BUNDLE_IDENTIFIER = com.young.FlowLayout;
				PRODUCT_NAME = SwitchFlowLayout;
			};
			name = Debug;
		};
		B4DDAFA51D532D03007AC765 /* Release */ = {
			isa = XCBuildConfiguration;
			buildSettings = {
				ASSETCATALOG_COMPILER_APPICON_NAME = AppIcon;
				CODE_SIGN_IDENTITY = "iPhone Developer";
				INFOPLIST_FILE = FlowLayout/Info.plist;
				LD_RUNPATH_SEARCH_PATHS = "$(inherited) @executable_path/Frameworks";
				PRODUCT_BUNDLE_IDENTIFIER = com.young.FlowLayout;
				PRODUCT_NAME = SwitchFlowLayout;
			};
			name = Release;
		};
		B4DDAFA71D532D03007AC765 /* Debug */ = {
			isa = XCBuildConfiguration;
			buildSettings = {
				BUNDLE_LOADER = "$(TEST_HOST)";
				INFOPLIST_FILE = FlowLayoutTests/Info.plist;
				LD_RUNPATH_SEARCH_PATHS = "$(inherited) @executable_path/Frameworks @loader_path/Frameworks";
				PRODUCT_BUNDLE_IDENTIFIER = com.liuyy.FlowLayoutTests;
				PRODUCT_NAME = SwitchFlowLayout;
				TEST_HOST = "$(BUILT_PRODUCTS_DIR)/SwitchFlowLayout.app/SwitchFlowLayout";
			};
			name = Debug;
		};
		B4DDAFA81D532D03007AC765 /* Release */ = {
			isa = XCBuildConfiguration;
			buildSettings = {
				BUNDLE_LOADER = "$(TEST_HOST)";
				INFOPLIST_FILE = FlowLayoutTests/Info.plist;
				LD_RUNPATH_SEARCH_PATHS = "$(inherited) @executable_path/Frameworks @loader_path/Frameworks";
				PRODUCT_BUNDLE_IDENTIFIER = com.liuyy.FlowLayoutTests;
				PRODUCT_NAME = SwitchFlowLayout;
				TEST_HOST = "$(BUILT_PRODUCTS_DIR)/SwitchFlowLayout.app/SwitchFlowLayout";
			};
			name = Release;
		};
		B4DDAFAA1D532D03007AC765 /* Debug */ = {
			isa = XCBuildConfiguration;
			buildSettings = {
				INFOPLIST_FILE = FlowLayoutUITests/Info.plist;
				LD_RUNPATH_SEARCH_PATHS = "$(inherited) @executable_path/Frameworks @loader_path/Frameworks";
				PRODUCT_BUNDLE_IDENTIFIER = com.liuyy.FlowLayoutUITests;
				PRODUCT_NAME = SwitchFlowLayout;
				TEST_TARGET_NAME = FlowLayout;
			};
			name = Debug;
		};
		B4DDAFAB1D532D03007AC765 /* Release */ = {
			isa = XCBuildConfiguration;
			buildSettings = {
				INFOPLIST_FILE = FlowLayoutUITests/Info.plist;
				LD_RUNPATH_SEARCH_PATHS = "$(inherited) @executable_path/Frameworks @loader_path/Frameworks";
				PRODUCT_BUNDLE_IDENTIFIER = com.liuyy.FlowLayoutUITests;
				PRODUCT_NAME = SwitchFlowLayout;
				TEST_TARGET_NAME = FlowLayout;
			};
			name = Release;
		};
/* End XCBuildConfiguration section */

/* Begin XCConfigurationList section */
		B4DDAF711D532D02007AC765 /* Build configuration list for PBXProject "SwitchFlowLayout" */ = {
			isa = XCConfigurationList;
			buildConfigurations = (
				B4DDAFA11D532D03007AC765 /* Debug */,
				B4DDAFA21D532D03007AC765 /* Release */,
			);
			defaultConfigurationIsVisible = 0;
			defaultConfigurationName = Release;
		};
		B4DDAFA31D532D03007AC765 /* Build configuration list for PBXNativeTarget "SwitchFlowLayout" */ = {
			isa = XCConfigurationList;
			buildConfigurations = (
				B4DDAFA41D532D03007AC765 /* Debug */,
				B4DDAFA51D532D03007AC765 /* Release */,
			);
			defaultConfigurationIsVisible = 0;
			defaultConfigurationName = Release;
		};
		B4DDAFA61D532D03007AC765 /* Build configuration list for PBXNativeTarget "SwitchFlowLayoutTests" */ = {
			isa = XCConfigurationList;
			buildConfigurations = (
				B4DDAFA71D532D03007AC765 /* Debug */,
				B4DDAFA81D532D03007AC765 /* Release */,
			);
			defaultConfigurationIsVisible = 0;
			defaultConfigurationName = Release;
		};
		B4DDAFA91D532D03007AC765 /* Build configuration list for PBXNativeTarget "SwitchFlowLayoutUITests" */ = {
			isa = XCConfigurationList;
			buildConfigurations = (
				B4DDAFAA1D532D03007AC765 /* Debug */,
				B4DDAFAB1D532D03007AC765 /* Release */,
			);
			defaultConfigurationIsVisible = 0;
			defaultConfigurationName = Release;
		};
/* End XCConfigurationList section */
	};
	rootObject = B4DDAF6E1D532D02007AC765 /* Project object */;
}
